
Microsoft Visual Studio Solution File, Format Version 12.00
# Visual Studio Version 17
VisualStudioVersion = 17.4.33103.184
MinimumVisualStudioVersion = 10.0.40219.1
Project("{FAE04EC0-301F-11D3-BF4B-00C04F79EFBC}") = "MicromobilityApp.Android", "MicromobilityApp\MicromobilityApp.Android\MicromobilityApp.Android.csproj", "{F1A72F1A-55C3-4F97-A5D1-FB175EBF9812}"
EndProject
Project("{FAE04EC0-301F-11D3-BF4B-00C04F79EFBC}") = "MicromobilityApp", "MicromobilityApp\MicromobilityApp\MicromobilityApp.csproj", "{B7D8D7A7-FA5B-4628-ABFC-B04DB52E416B}"
EndProject
Global
	GlobalSection(SolutionConfigurationPlatforms) = preSolution
		Debug|Any CPU = Debug|Any CPU
		Release|Any CPU = Release|Any CPU
	EndGlobalSection
	GlobalSection(ProjectConfigurationPlatforms) = postSolution
		{F1A72F1A-55C3-4F97-A5D1-FB175EBF9812}.Debug|Any CPU.ActiveCfg = Debug|Any CPU
		{F1A72F1A-55C3-4F97-A5D1-FB175EBF9812}.Debug|Any CPU.Build.0 = Debug|Any CPU
		{F1A72F1A-55C3-4F97-A5D1-FB175EBF9812}.Debug|Any CPU.Deploy.0 = Debug|Any CPU
		{F1A72F1A-55C3-4F97-A5D1-FB175EBF9812}.Release|Any CPU.ActiveCfg = Release|Any CPU
		{F1A72F1A-55C3-4F97-A5D1-FB175EBF9812}.Release|Any CPU.Build.0 = Release|Any CPU
		{F1A72F1A-55C3-4F97-A5D1-FB175EBF9812}.Release|Any CPU.Deploy.0 = Release|Any CPU
		{B7D8D7A7-FA5B-4628-ABFC-B04DB52E416B}.Debug|Any CPU.ActiveCfg = Debug|Any CPU
		{B7D8D7A7-FA5B-4628-ABFC-B04DB52E416B}.Debug|Any CPU.Build.0 = Debug|Any CPU
		{B7D8D7A7-FA5B-4628-ABFC-B04DB52E416B}.Debug|Any CPU.Deploy.0 = Debug|Any CPU
		{B7D8D7A7-FA5B-4628-ABFC-B04DB52E416B}.Release|Any CPU.ActiveCfg = Release|Any CPU
		{B7D8D7A7-FA5B-4628-ABFC-B04DB52E416B}.Release|Any CPU.Build.0 = Release|Any CPU
		{B7D8D7A7-FA5B-4628-ABFC-B04DB52E416B}.Release|Any CPU.Deploy.0 = Release|Any CPU
	EndGlobalSection
	GlobalSection(SolutionProperties) = preSolution
		HideSolutionNode = FALSE
	EndGlobalSection
	GlobalSection(ExtensibilityGlobals) = postSolution
		SolutionGuid = {C8B344F4-F79B-438A-B757-678E16D45BA8}
	EndGlobalSection
EndGlobal
